// !$*UTF8*$!
{
	archiveVersion = 1;
	classes = {
	};
	objectVersion = 46;
	objects = {

/* Begin PBXBuildFile section */
		89599B911A49B7100035E27D /* main.m in Sources */ = {isa = PBXBuildFile; fileRef = 89599B901A49B7100035E27D /* main.m */; };
		89599B941A49B7100035E27D /* AppDelegate.m in Sources */ = {isa = PBXBuildFile; fileRef = 89599B931A49B7100035E27D /* AppDelegate.m */; };
		89599B971A49B7100035E27D /* ViewController.mm in Sources */ = {isa = PBXBuildFile; fileRef = 89599B961A49B7100035E27D /* ViewController.mm */; };
		89599B9A1A49B7100035E27D /* Main.storyboard in Resources */ = {isa = PBXBuildFile; fileRef = 89599B981A49B7100035E27D /* Main.storyboard */; };
		89599B9C1A49B7100035E27D /* Images.xcassets in Resources */ = {isa = PBXBuildFile; fileRef = 89599B9B1A49B7100035E27D /* Images.xcassets */; };
		89599B9F1A49B7110035E27D /* LaunchScreen.xib in Resources */ = {isa = PBXBuildFile; fileRef = 89599B9D1A49B7100035E27D /* LaunchScreen.xib */; };
		89599BAB1A49B7110035E27D /* iosjiebaTests.m in Sources */ = {isa = PBXBuildFile; fileRef = 89599BAA1A49B7110035E27D /* iosjiebaTests.m */; };
		89599BD61A4A55A60035E27D /* Segmentor.cpp in Sources */ = {isa = PBXBuildFile; fileRef = 89599BD41A4A55A60035E27D /* Segmentor.cpp */; };
		89599BD81A4A6FA30035E27D /* iosjieba.bundle in Resources */ = {isa = PBXBuildFile; fileRef = 89599BD71A4A6FA30035E27D /* iosjieba.bundle */; };
/* End PBXBuildFile section */

/* Begin PBXContainerItemProxy section */
		89599BA51A49B7110035E27D /* PBXContainerItemProxy */ = {
			isa = PBXContainerItemProxy;
			containerPortal = 89599B831A49B7100035E27D /* Project object */;
			proxyType = 1;
			remoteGlobalIDString = 89599B8A1A49B7100035E27D;
			remoteInfo = iosjieba;
		};
/* End PBXContainerItemProxy section */

/* Begin PBXFileReference section */
		89599B8B1A49B7100035E27D /* iosjieba.app */ = {isa = PBXFileReference; explicitFileType = wrapper.application; includeInIndex = 0; path = iosjieba.app; sourceTree = BUILT_PRODUCTS_DIR; };
		89599B8F1A49B7100035E27D /* Info.plist */ = {isa = PBXFileReference; lastKnownFileType = text.plist.xml; path = Info.plist; sourceTree = "<group>"; };
		89599B901A49B7100035E27D /* main.m */ = {isa = PBXFileReference; lastKnownFileType = sourcecode.c.objc; path = main.m; sourceTree = "<group>"; };
		89599B921A49B7100035E27D /* AppDelegate.h */ = {isa = PBXFileReference; lastKnownFileType = sourcecode.c.h; path = AppDelegate.h; sourceTree = "<group>"; };
		89599B931A49B7100035E27D /* AppDelegate.m */ = {isa = PBXFileReference; lastKnownFileType = sourcecode.c.objc; path = AppDelegate.m; sourceTree = "<group>"; };
		89599B951A49B7100035E27D /* ViewController.h */ = {isa = PBXFileReference; lastKnownFileType = sourcecode.c.h; path = ViewController.h; sourceTree = "<group>"; };
		89599B961A49B7100035E27D /* ViewController.mm */ = {isa = PBXFileReference; lastKnownFileType = sourcecode.cpp.objcpp; path = ViewController.mm; sourceTree = "<group>"; };
		89599B991A49B7100035E27D /* Base */ = {isa = PBXFileReference; lastKnownFileType = file.storyboard; name = Base; path = Base.lproj/Main.storyboard; sourceTree = "<group>"; };
		89599B9B1A49B7100035E27D /* Images.xcassets */ = {isa = PBXFileReference; lastKnownFileType = folder.assetcatalog; path = Images.xcassets; sourceTree = "<group>"; };
		89599B9E1A49B7110035E27D /* Base */ = {isa = PBXFileReference; lastKnownFileType = file.xib; name = Base; path = Base.lproj/LaunchScreen.xib; sourceTree = "<group>"; };
		89599BA41A49B7110035E27D /* iosjiebaTests.xctest */ = {isa = PBXFileReference; explicitFileType = wrapper.cfbundle; includeInIndex = 0; path = iosjiebaTests.xctest; sourceTree = BUILT_PRODUCTS_DIR; };
		89599BA91A49B7110035E27D /* Info.plist */ = {isa = PBXFileReference; lastKnownFileType = text.plist.xml; path = Info.plist; sourceTree = "<group>"; };
		89599BAA1A49B7110035E27D /* iosjiebaTests.m */ = {isa = PBXFileReference; lastKnownFileType = sourcecode.c.objc; path = iosjiebaTests.m; sourceTree = "<group>"; };
		89599BB51A4A54DC0035E27D /* DictTrie.hpp */ = {isa = PBXFileReference; fileEncoding = 4; lastKnownFileType = sourcecode.cpp.h; path = DictTrie.hpp; sourceTree = "<group>"; };
		89599BB61A4A54DC0035E27D /* FullSegment.hpp */ = {isa = PBXFileReference; fileEncoding = 4; lastKnownFileType = sourcecode.cpp.h; path = FullSegment.hpp; sourceTree = "<group>"; };
		89599BB71A4A54DC0035E27D /* HMMSegment.hpp */ = {isa = PBXFileReference; fileEncoding = 4; lastKnownFileType = sourcecode.cpp.h; path = HMMSegment.hpp; sourceTree = "<group>"; };
		89599BB81A4A54DC0035E27D /* ISegment.hpp */ = {isa = PBXFileReference; fileEncoding = 4; lastKnownFileType = sourcecode.cpp.h; path = ISegment.hpp; sourceTree = "<group>"; };
		89599BB91A4A54DC0035E27D /* KeywordExtractor.hpp */ = {isa = PBXFileReference; fileEncoding = 4; lastKnownFileType = sourcecode.cpp.h; path = KeywordExtractor.hpp; sourceTree = "<group>"; };
		89599BBB1A4A54DC0035E27D /* ArgvContext.hpp */ = {isa = PBXFileReference; fileEncoding = 4; lastKnownFileType = sourcecode.cpp.h; path = ArgvContext.hpp; sourceTree = "<group>"; };
		89599BBC1A4A54DC0035E27D /* BlockingQueue.hpp */ = {isa = PBXFileReference; fileEncoding = 4; lastKnownFileType = sourcecode.cpp.h; path = BlockingQueue.hpp; sourceTree = "<group>"; };
		89599BBD1A4A54DC0035E27D /* BoundedQueue.hpp */ = {isa = PBXFileReference; fileEncoding = 4; lastKnownFileType = sourcecode.cpp.h; path = BoundedQueue.hpp; sourceTree = "<group>"; };
		89599BBE1A4A54DC0035E27D /* CastFloat.hpp */ = {isa = PBXFileReference; fileEncoding = 4; lastKnownFileType = sourcecode.cpp.h; path = CastFloat.hpp; sourceTree = "<group>"; };
		89599BBF1A4A54DC0035E27D /* Condition.hpp */ = {isa = PBXFileReference; fileEncoding = 4; lastKnownFileType = sourcecode.cpp.h; path = Condition.hpp; sourceTree = "<group>"; };
		89599BC01A4A54DC0035E27D /* Config.hpp */ = {isa = PBXFileReference; fileEncoding = 4; lastKnownFileType = sourcecode.cpp.h; path = Config.hpp; sourceTree = "<group>"; };
		89599BC11A4A54DC0035E27D /* HandyMacro.hpp */ = {isa = PBXFileReference; fileEncoding = 4; lastKnownFileType = sourcecode.cpp.h; path = HandyMacro.hpp; sourceTree = "<group>"; };
		89599BC21A4A54DC0035E27D /* InitOnOff.hpp */ = {isa = PBXFileReference; fileEncoding = 4; lastKnownFileType = sourcecode.cpp.h; path = InitOnOff.hpp; sourceTree = "<group>"; };
		89599BC31A4A54DC0035E27D /* LocalVector.hpp */ = {isa = PBXFileReference; fileEncoding = 4; lastKnownFileType = sourcecode.cpp.h; path = LocalVector.hpp; sourceTree = "<group>"; };
		89599BC41A4A54DC0035E27D /* Logger.hpp */ = {isa = PBXFileReference; fileEncoding = 4; lastKnownFileType = sourcecode.cpp.h; path = Logger.hpp; sourceTree = "<group>"; };
		89599BC51A4A54DC0035E27D /* Md5.hpp */ = {isa = PBXFileReference; fileEncoding = 4; lastKnownFileType = sourcecode.cpp.h; path = Md5.hpp; sourceTree = "<group>"; };
		89599BC61A4A54DC0035E27D /* MutexLock.hpp */ = {isa = PBXFileReference; fileEncoding = 4; lastKnownFileType = sourcecode.cpp.h; path = MutexLock.hpp; sourceTree = "<group>"; };
		89599BC71A4A54DC0035E27D /* MysqlClient.hpp */ = {isa = PBXFileReference; fileEncoding = 4; lastKnownFileType = sourcecode.cpp.h; path = MysqlClient.hpp; sourceTree = "<group>"; };
		89599BC81A4A54DC0035E27D /* NonCopyable.hpp */ = {isa = PBXFileReference; fileEncoding = 4; lastKnownFileType = sourcecode.cpp.h; path = NonCopyable.hpp; sourceTree = "<group>"; };
		89599BC91A4A54DC0035E27D /* StdExtension.hpp */ = {isa = PBXFileReference; fileEncoding = 4; lastKnownFileType = sourcecode.cpp.h; path = StdExtension.hpp; sourceTree = "<group>"; };
		89599BCA1A4A54DC0035E27D /* StringUtil.hpp */ = {isa = PBXFileReference; fileEncoding = 4; lastKnownFileType = sourcecode.cpp.h; path = StringUtil.hpp; sourceTree = "<group>"; };
		89599BCB1A4A54DC0035E27D /* Thread.hpp */ = {isa = PBXFileReference; fileEncoding = 4; lastKnownFileType = sourcecode.cpp.h; path = Thread.hpp; sourceTree = "<group>"; };
		89599BCC1A4A54DC0035E27D /* ThreadPool.hpp */ = {isa = PBXFileReference; fileEncoding = 4; lastKnownFileType = sourcecode.cpp.h; path = ThreadPool.hpp; sourceTree = "<group>"; };
		89599BCD1A4A54DC0035E27D /* MixSegment.hpp */ = {isa = PBXFileReference; fileEncoding = 4; lastKnownFileType = sourcecode.cpp.h; path = MixSegment.hpp; sourceTree = "<group>"; };
		89599BCE1A4A54DC0035E27D /* MPSegment.hpp */ = {isa = PBXFileReference; fileEncoding = 4; lastKnownFileType = sourcecode.cpp.h; path = MPSegment.hpp; sourceTree = "<group>"; };
		89599BCF1A4A54DC0035E27D /* PosTagger.hpp */ = {isa = PBXFileReference; fileEncoding = 4; lastKnownFileType = sourcecode.cpp.h; path = PosTagger.hpp; sourceTree = "<group>"; };
		89599BD01A4A54DC0035E27D /* QuerySegment.hpp */ = {isa = PBXFileReference; fileEncoding = 4; lastKnownFileType = sourcecode.cpp.h; path = QuerySegment.hpp; sourceTree = "<group>"; };
		89599BD11A4A54DC0035E27D /* SegmentBase.hpp */ = {isa = PBXFileReference; fileEncoding = 4; lastKnownFileType = sourcecode.cpp.h; path = SegmentBase.hpp; sourceTree = "<group>"; };
		89599BD21A4A54DC0035E27D /* TransCode.hpp */ = {isa = PBXFileReference; fileEncoding = 4; lastKnownFileType = sourcecode.cpp.h; path = TransCode.hpp; sourceTree = "<group>"; };
		89599BD31A4A54DC0035E27D /* Trie.hpp */ = {isa = PBXFileReference; fileEncoding = 4; lastKnownFileType = sourcecode.cpp.h; path = Trie.hpp; sourceTree = "<group>"; };
		89599BD41A4A55A60035E27D /* Segmentor.cpp */ = {isa = PBXFileReference; fileEncoding = 4; lastKnownFileType = sourcecode.cpp.cpp; name = Segmentor.cpp; path = ../Segmentor.cpp; sourceTree = "<group>"; };
		89599BD51A4A55A60035E27D /* Segmentor.h */ = {isa = PBXFileReference; fileEncoding = 4; lastKnownFileType = sourcecode.c.h; name = Segmentor.h; path = ../Segmentor.h; sourceTree = "<group>"; };
		89599BD71A4A6FA30035E27D /* iosjieba.bundle */ = {isa = PBXFileReference; lastKnownFileType = "wrapper.plug-in"; path = iosjieba.bundle; sourceTree = "<group>"; };
/* End PBXFileReference section */

/* Begin PBXFrameworksBuildPhase section */
		89599B881A49B7100035E27D /* Frameworks */ = {
			isa = PBXFrameworksBuildPhase;
			buildActionMask = 2147483647;
			files = (
			);
			runOnlyForDeploymentPostprocessing = 0;
		};
		89599BA11A49B7110035E27D /* Frameworks */ = {
			isa = PBXFrameworksBuildPhase;
			buildActionMask = 2147483647;
			files = (
			);
			runOnlyForDeploymentPostprocessing = 0;
		};
/* End PBXFrameworksBuildPhase section */

/* Begin PBXGroup section */
		89599B821A49B7100035E27D = {
			isa = PBXGroup;
			children = (
				89599B8D1A49B7100035E27D /* iosjieba */,
				89599BA71A49B7110035E27D /* iosjiebaTests */,
				89599B8C1A49B7100035E27D /* Products */,
			);
			sourceTree = "<group>";
		};
		89599B8C1A49B7100035E27D /* Products */ = {
			isa = PBXGroup;
			children = (
				89599B8B1A49B7100035E27D /* iosjieba.app */,
				89599BA41A49B7110035E27D /* iosjiebaTests.xctest */,
			);
			name = Products;
			sourceTree = "<group>";
		};
		89599B8D1A49B7100035E27D /* iosjieba */ = {
			isa = PBXGroup;
			children = (
				89599B921A49B7100035E27D /* AppDelegate.h */,
				89599B931A49B7100035E27D /* AppDelegate.m */,
				89599B951A49B7100035E27D /* ViewController.h */,
				89599B961A49B7100035E27D /* ViewController.mm */,
				89599B981A49B7100035E27D /* Main.storyboard */,
				89599B9B1A49B7100035E27D /* Images.xcassets */,
				89599B9D1A49B7100035E27D /* LaunchScreen.xib */,
				89599B8E1A49B7100035E27D /* Supporting Files */,
			);
			path = iosjieba;
			sourceTree = "<group>";
		};
		89599B8E1A49B7100035E27D /* Supporting Files */ = {
			isa = PBXGroup;
			children = (
				89599BD71A4A6FA30035E27D /* iosjieba.bundle */,
				89599BD41A4A55A60035E27D /* Segmentor.cpp */,
				89599BD51A4A55A60035E27D /* Segmentor.h */,
				89599BB41A4A54DC0035E27D /* CppJieba */,
				89599B8F1A49B7100035E27D /* Info.plist */,
				89599B901A49B7100035E27D /* main.m */,
			);
			name = "Supporting Files";
			sourceTree = "<group>";
		};
		89599BA71A49B7110035E27D /* iosjiebaTests */ = {
			isa = PBXGroup;
			children = (
				89599BAA1A49B7110035E27D /* iosjiebaTests.m */,
				89599BA81A49B7110035E27D /* Supporting Files */,
			);
			path = iosjiebaTests;
			sourceTree = "<group>";
		};
		89599BA81A49B7110035E27D /* Supporting Files */ = {
			isa = PBXGroup;
			children = (
				89599BA91A49B7110035E27D /* Info.plist */,
			);
			name = "Supporting Files";
			sourceTree = "<group>";
		};
		89599BB41A4A54DC0035E27D /* CppJieba */ = {
			isa = PBXGroup;
			children = (
				89599BB51A4A54DC0035E27D /* DictTrie.hpp */,
				89599BB61A4A54DC0035E27D /* FullSegment.hpp */,
				89599BB71A4A54DC0035E27D /* HMMSegment.hpp */,
				89599BB81A4A54DC0035E27D /* ISegment.hpp */,
				89599BB91A4A54DC0035E27D /* KeywordExtractor.hpp */,
				89599BBA1A4A54DC0035E27D /* Limonp */,
				89599BCD1A4A54DC0035E27D /* MixSegment.hpp */,
				89599BCE1A4A54DC0035E27D /* MPSegment.hpp */,
				89599BCF1A4A54DC0035E27D /* PosTagger.hpp */,
				89599BD01A4A54DC0035E27D /* QuerySegment.hpp */,
				89599BD11A4A54DC0035E27D /* SegmentBase.hpp */,
				89599BD21A4A54DC0035E27D /* TransCode.hpp */,
				89599BD31A4A54DC0035E27D /* Trie.hpp */,
			);
			path = CppJieba;
			sourceTree = "<group>";
		};
		89599BBA1A4A54DC0035E27D /* Limonp */ = {
			isa = PBXGroup;
			children = (
				89599BBB1A4A54DC0035E27D /* ArgvContext.hpp */,
				89599BBC1A4A54DC0035E27D /* BlockingQueue.hpp */,
				89599BBD1A4A54DC0035E27D /* BoundedQueue.hpp */,
				89599BBE1A4A54DC0035E27D /* CastFloat.hpp */,
				89599BBF1A4A54DC0035E27D /* Condition.hpp */,
				89599BC01A4A54DC0035E27D /* Config.hpp */,
				89599BC11A4A54DC0035E27D /* HandyMacro.hpp */,
				89599BC21A4A54DC0035E27D /* InitOnOff.hpp */,
				89599BC31A4A54DC0035E27D /* LocalVector.hpp */,
				89599BC41A4A54DC0035E27D /* Logger.hpp */,
				89599BC51A4A54DC0035E27D /* Md5.hpp */,
				89599BC61A4A54DC0035E27D /* MutexLock.hpp */,
				89599BC71A4A54DC0035E27D /* MysqlClient.hpp */,
				89599BC81A4A54DC0035E27D /* NonCopyable.hpp */,
				89599BC91A4A54DC0035E27D /* StdExtension.hpp */,
				89599BCA1A4A54DC0035E27D /* StringUtil.hpp */,
				89599BCB1A4A54DC0035E27D /* Thread.hpp */,
				89599BCC1A4A54DC0035E27D /* ThreadPool.hpp */,
			);
			path = Limonp;
			sourceTree = "<group>";
		};
/* End PBXGroup section */

/* Begin PBXNativeTarget section */
		89599B8A1A49B7100035E27D /* iosjieba */ = {
			isa = PBXNativeTarget;
			buildConfigurationList = 89599BAE1A49B7110035E27D /* Build configuration list for PBXNativeTarget "iosjieba" */;
			buildPhases = (
				89599B871A49B7100035E27D /* Sources */,
				89599B881A49B7100035E27D /* Frameworks */,
				89599B891A49B7100035E27D /* Resources */,
			);
			buildRules = (
			);
			dependencies = (
			);
			name = iosjieba;
			productName = iosjieba;
			productReference = 89599B8B1A49B7100035E27D /* iosjieba.app */;
			productType = "com.apple.product-type.application";
		};
		89599BA31A49B7110035E27D /* iosjiebaTests */ = {
			isa = PBXNativeTarget;
			buildConfigurationList = 89599BB11A49B7110035E27D /* Build configuration list for PBXNativeTarget "iosjiebaTests" */;
			buildPhases = (
				89599BA01A49B7110035E27D /* Sources */,
				89599BA11A49B7110035E27D /* Frameworks */,
				89599BA21A49B7110035E27D /* Resources */,
			);
			buildRules = (
			);
			dependencies = (
				89599BA61A49B7110035E27D /* PBXTargetDependency */,
			);
			name = iosjiebaTests;
			productName = iosjiebaTests;
			productReference = 89599BA41A49B7110035E27D /* iosjiebaTests.xctest */;
			productType = "com.apple.product-type.bundle.unit-test";
		};
/* End PBXNativeTarget section */

/* Begin PBXProject section */
		89599B831A49B7100035E27D /* Project object */ = {
			isa = PBXProject;
			attributes = {
				LastUpgradeCheck = 0610;
				ORGANIZATIONNAME = yanyiwu;
				TargetAttributes = {
					89599B8A1A49B7100035E27D = {
						CreatedOnToolsVersion = 6.1.1;
					};
					89599BA31A49B7110035E27D = {
						CreatedOnToolsVersion = 6.1.1;
						TestTargetID = 89599B8A1A49B7100035E27D;
					};
				};
			};
			buildConfigurationList = 89599B861A49B7100035E27D /* Build configuration list for PBXProject "iosjieba" */;
			compatibilityVersion = "Xcode 3.2";
			developmentRegion = English;
			hasScannedForEncodings = 0;
			knownRegions = (
				en,
				Base,
			);
			mainGroup = 89599B821A49B7100035E27D;
			productRefGroup = 89599B8C1A49B7100035E27D /* Products */;
			projectDirPath = "";
			projectRoot = "";
			targets = (
				89599B8A1A49B7100035E27D /* iosjieba */,
				89599BA31A49B7110035E27D /* iosjiebaTests */,
			);
		};
/* End PBXProject section */

/* Begin PBXResourcesBuildPhase section */
		89599B891A49B7100035E27D /* Resources */ = {
			isa = PBXResourcesBuildPhase;
			buildActionMask = 2147483647;
			files = (
				89599B9A1A49B7100035E27D /* Main.storyboard in Resources */,
				89599BD81A4A6FA30035E27D /* iosjieba.bundle in Resources */,
				89599B9F1A49B7110035E27D /* LaunchScreen.xib in Resources */,
				89599B9C1A49B7100035E27D /* Images.xcassets in Resources */,
			);
			runOnlyForDeploymentPostprocessing = 0;
		};
		89599BA21A49B7110035E27D /* Resources */ = {
			isa = PBXResourcesBuildPhase;
			buildActionMask = 2147483647;
			files = (
			);
			runOnlyForDeploymentPostprocessing = 0;
		};
/* End PBXResourcesBuildPhase section */

/* Begin PBXSourcesBuildPhase section */
		89599B871A49B7100035E27D /* Sources */ = {
			isa = PBXSourcesBuildPhase;
			buildActionMask = 2147483647;
			files = (
				89599B971A49B7100035E27D /* ViewController.mm in Sources */,
				89599B941A49B7100035E27D /* AppDelegate.m in Sources */,
				89599BD61A4A55A60035E27D /* Segmentor.cpp in Sources */,
				89599B911A49B7100035E27D /* main.m in Sources */,
			);
			runOnlyForDeploymentPostprocessing = 0;
		};
		89599BA01A49B7110035E27D /* Sources */ = {
			isa = PBXSourcesBuildPhase;
			buildActionMask = 2147483647;
			files = (
				89599BAB1A49B7110035E27D /* iosjiebaTests.m in Sources */,
			);
			runOnlyForDeploymentPostprocessing = 0;
		};
/* End PBXSourcesBuildPhase section */

/* Begin PBXTargetDependency section */
		89599BA61A49B7110035E27D /* PBXTargetDependency */ = {
			isa = PBXTargetDependency;
			target = 89599B8A1A49B7100035E27D /* iosjieba */;
			targetProxy = 89599BA51A49B7110035E27D /* PBXContainerItemProxy */;
		};
/* End PBXTargetDependency section */

/* Begin PBXVariantGroup section */
		89599B981A49B7100035E27D /* Main.storyboard */ = {
			isa = PBXVariantGroup;
			children = (
				89599B991A49B7100035E27D /* Base */,
			);
			name = Main.storyboard;
			sourceTree = "<group>";
		};
		89599B9D1A49B7100035E27D /* LaunchScreen.xib */ = {
			isa = PBXVariantGroup;
			children = (
				89599B9E1A49B7110035E27D /* Base */,
			);
			name = LaunchScreen.xib;
			sourceTree = "<group>";
		};
/* End PBXVariantGroup section */

/* Begin XCBuildConfiguration section */
		89599BAC1A49B7110035E27D /* Debug */ = {
			isa = XCBuildConfiguration;
			buildSettings = {
				ALWAYS_SEARCH_USER_PATHS = NO;
				CLANG_CXX_LANGUAGE_STANDARD = "gnu++0x";
				CLANG_CXX_LIBRARY = "libc++";
				CLANG_ENABLE_MODULES = YES;
				CLANG_ENABLE_OBJC_ARC = YES;
				CLANG_WARN_BOOL_CONVERSION = YES;
				CLANG_WARN_CONSTANT_CONVERSION = YES;
				CLANG_WARN_DIRECT_OBJC_ISA_USAGE = YES_ERROR;
				CLANG_WARN_EMPTY_BODY = YES;
				CLANG_WARN_ENUM_CONVERSION = YES;
				CLANG_WARN_INT_CONVERSION = YES;
				CLANG_WARN_OBJC_ROOT_CLASS = YES_ERROR;
				CLANG_WARN_UNREACHABLE_CODE = YES;
				CLANG_WARN__DUPLICATE_METHOD_MATCH = YES;
				"CODE_SIGN_IDENTITY[sdk=iphoneos*]" = "iPhone Developer";
				COPY_PHASE_STRIP = NO;
				ENABLE_STRICT_OBJC_MSGSEND = YES;
				GCC_C_LANGUAGE_STANDARD = gnu99;
				GCC_DYNAMIC_NO_PIC = NO;
				GCC_OPTIMIZATION_LEVEL = 0;
				GCC_PREPROCESSOR_DEFINITIONS = (
					"DEBUG=1",
					"$(inherited)",
				);
				GCC_SYMBOLS_PRIVATE_EXTERN = NO;
				GCC_WARN_64_TO_32_BIT_CONVERSION = YES;
				GCC_WARN_ABOUT_RETURN_TYPE = YES_ERROR;
				GCC_WARN_UNDECLARED_SELECTOR = YES;
				GCC_WARN_UNINITIALIZED_AUTOS = YES_AGGRESSIVE;
				GCC_WARN_UNUSED_FUNCTION = YES;
				GCC_WARN_UNUSED_VARIABLE = YES;
				IPHONEOS_DEPLOYMENT_TARGET = 8.1;
				MTL_ENABLE_DEBUG_INFO = YES;
				ONLY_ACTIVE_ARCH = YES;
				SDKROOT = iphoneos;
			};
			name = Debug;
		};
		89599BAD1A49B7110035E27D /* Release */ = {
			isa = XCBuildConfiguration;
			buildSettings = {
				ALWAYS_SEARCH_USER_PATHS = NO;
				CLANG_CXX_LANGUAGE_STANDARD = "gnu++0x";
				CLANG_CXX_LIBRARY = "libc++";
				CLANG_ENABLE_MODULES = YES;
				CLANG_ENABLE_OBJC_ARC = YES;
				CLANG_WARN_BOOL_CONVERSION = YES;
				CLANG_WARN_CONSTANT_CONVERSION = YES;
				CLANG_WARN_DIRECT_OBJC_ISA_USAGE = YES_ERROR;
				CLANG_WARN_EMPTY_BODY = YES;
				CLANG_WARN_ENUM_CONVERSION = YES;
				CLANG_WARN_INT_CONVERSION = YES;
				CLANG_WARN_OBJC_ROOT_CLASS = YES_ERROR;
				CLANG_WARN_UNREACHABLE_CODE = YES;
				CLANG_WARN__DUPLICATE_METHOD_MATCH = YES;
				"CODE_SIGN_IDENTITY[sdk=iphoneos*]" = "iPhone Developer";
				COPY_PHASE_STRIP = YES;
				ENABLE_NS_ASSERTIONS = NO;
				ENABLE_STRICT_OBJC_MSGSEND = YES;
				GCC_C_LANGUAGE_STANDARD = gnu99;
				GCC_WARN_64_TO_32_BIT_CONVERSION = YES;
				GCC_WARN_ABOUT_RETURN_TYPE = YES_ERROR;
				GCC_WARN_UNDECLARED_SELECTOR = YES;
				GCC_WARN_UNINITIALIZED_AUTOS = YES_AGGRESSIVE;
				GCC_WARN_UNUSED_FUNCTION = YES;
				GCC_WARN_UNUSED_VARIABLE = YES;
				IPHONEOS_DEPLOYMENT_TARGET = 8.1;
				MTL_ENABLE_DEBUG_INFO = NO;
				SDKROOT = iphoneos;
				VALIDATE_PRODUCT = YES;
			};
			name = Release;
		};
		89599BAF1A49B7110035E27D /* Debug */ = {
			isa = XCBuildConfiguration;
			buildSettings = {
				ASSETCATALOG_COMPILER_APPICON_NAME = AppIcon;
				INFOPLIST_FILE = iosjieba/Info.plist;
				LD_RUNPATH_SEARCH_PATHS = "$(inherited) @executable_path/Frameworks";
				PRODUCT_NAME = "$(TARGET_NAME)";
			};
			name = Debug;
		};
		89599BB01A49B7110035E27D /* Release */ = {
			isa = XCBuildConfiguration;
			buildSettings = {
				ASSETCATALOG_COMPILER_APPICON_NAME = AppIcon;
				INFOPLIST_FILE = iosjieba/Info.plist;
				LD_RUNPATH_SEARCH_PATHS = "$(inherited) @executable_path/Frameworks";
				PRODUCT_NAME = "$(TARGET_NAME)";
			};
			name = Release;
		};
		89599BB21A49B7110035E27D /* Debug */ = {
			isa = XCBuildConfiguration;
			buildSettings = {
				BUNDLE_LOADER = "$(TEST_HOST)";
				FRAMEWORK_SEARCH_PATHS = (
					"$(SDKROOT)/Developer/Library/Frameworks",
					"$(inherited)",
				);
				GCC_PREPROCESSOR_DEFINITIONS = (
					"DEBUG=1",
					"$(inherited)",
				);
				INFOPLIST_FILE = iosjiebaTests/Info.plist;
				LD_RUNPATH_SEARCH_PATHS = "$(inherited) @executable_path/Frameworks @loader_path/Frameworks";
				PRODUCT_NAME = "$(TARGET_NAME)";
				TEST_HOST = "$(BUILT_PRODUCTS_DIR)/iosjieba.app/iosjieba";
			};
			name = Debug;
		};
		89599BB31A49B7110035E27D /* Release */ = {
			isa = XCBuildConfiguration;
			buildSettings = {
				BUNDLE_LOADER = "$(TEST_HOST)";
				FRAMEWORK_SEARCH_PATHS = (
					"$(SDKROOT)/Developer/Library/Frameworks",
					"$(inherited)",
				);
				INFOPLIST_FILE = iosjiebaTests/Info.plist;
				LD_RUNPATH_SEARCH_PATHS = "$(inherited) @executable_path/Frameworks @loader_path/Frameworks";
				PRODUCT_NAME = "$(TARGET_NAME)";
				TEST_HOST = "$(BUILT_PRODUCTS_DIR)/iosjieba.app/iosjieba";
			};
			name = Release;
		};
/* End XCBuildConfiguration section */

/* Begin XCConfigurationList section */
		89599B861A49B7100035E27D /* Build configuration list for PBXProject "iosjieba" */ = {
			isa = XCConfigurationList;
			buildConfigurations = (
				89599BAC1A49B7110035E27D /* Debug */,
				89599BAD1A49B7110035E27D /* Release */,
			);
			defaultConfigurationIsVisible = 0;
			defaultConfigurationName = Release;
		};
		89599BAE1A49B7110035E27D /* Build configuration list for PBXNativeTarget "iosjieba" */ = {
			isa = XCConfigurationList;
			buildConfigurations = (
				89599BAF1A49B7110035E27D /* Debug */,
				89599BB01A49B7110035E27D /* Release */,
			);
			defaultConfigurationIsVisible = 0;
		};
		89599BB11A49B7110035E27D /* Build configuration list for PBXNativeTarget "iosjiebaTests" */ = {
			isa = XCConfigurationList;
			buildConfigurations = (
				89599BB21A49B7110035E27D /* Debug */,
				89599BB31A49B7110035E27D /* Release */,
			);
			defaultConfigurationIsVisible = 0;
		};
/* End XCConfigurationList section */
	};
	rootObject = 89599B831A49B7100035E27D /* Project object */;
}
